# This file is automatically @generated by Cargo.
# It is not intended for manual editing.
version = 4

[[package]]
name = "langlog-driver"
version = "0.1.0"
dependencies = [
 "langlog-proof",
 "langlog-sema",
 "langlog-syntax",
]

[[package]]
name = "langlog-proof"
version = "0.1.0"
dependencies = [
 "langlog-sema",
 "langlog-syntax",
]

[[package]]
name = "langlog-sema"
version = "0.1.0"
dependencies = [
 "langlog-syntax",
]

[[package]]
name = "langlog-syntax"
version = "0.1.0"
